
Microsoft Visual Studio Solution File, Format Version 12.00
# Visual Studio Version 17
VisualStudioVersion = 17.10.35004.147
MinimumVisualStudioVersion = 10.0.40219.1
Project("{FAE04EC0-301F-11D3-BF4B-00C04F79EFBC}") = "WindowsFormsApp2", "WindowsFormsApp2\WindowsFormsApp2.csproj", "{FBDEB0A7-69B3-4515-B620-6B111DC7FC9D}"
EndProject
Global
	GlobalSection(SolutionConfigurationPlatforms) = preSolution
		Debug|Any CPU = Debug|Any CPU
		Release|Any CPU = Release|Any CPU
	EndGlobalSection
	GlobalSection(ProjectConfigurationPlatforms) = postSolution
		{FBDEB0A7-69B3-4515-B620-6B111DC7FC9D}.Debug|Any CPU.ActiveCfg = Debug|Any CPU
		{FBDEB0A7-69B3-4515-B620-6B111DC7FC9D}.Debug|Any CPU.Build.0 = Debug|Any CPU
		{FBDEB0A7-69B3-4515-B620-6B111DC7FC9D}.Release|Any CPU.ActiveCfg = Release|Any CPU
		{FBDEB0A7-69B3-4515-B620-6B111DC7FC9D}.Release|Any CPU.Build.0 = Release|Any CPU
	EndGlobalSection
	GlobalSection(SolutionProperties) = preSolution
		HideSolutionNode = FALSE
	EndGlobalSection
	GlobalSection(ExtensibilityGlobals) = postSolution
		SolutionGuid = {4C31147F-5CC5-4B19-89C0-BE40757B126F}
	EndGlobalSection
EndGlobal
